
Microsoft Visual Studio Solution File, Format Version 12.00
# Visual Studio 15
VisualStudioVersion = 15.0.26124.0
MinimumVisualStudioVersion = 15.0.26124.0
Project("{FAE04EC0-301F-11D3-BF4B-00C04F79EFBC}") = "CompanyEmployees", "CompanyEmployees\CompanyEmployees.csproj", "{79D79977-F35E-4C02-8D07-A71C7EE648BA}"
EndProject
Project("{FAE04EC0-301F-11D3-BF4B-00C04F79EFBC}") = "Test", "Test\Test.csproj", "{814A42A8-2831-42F1-97F2-63C745871BC6}"
EndProject
Global
	GlobalSection(SolutionConfigurationPlatforms) = preSolution
		Debug|Any CPU = Debug|Any CPU
		Debug|x64 = Debug|x64
		Debug|x86 = Debug|x86
		Release|Any CPU = Release|Any CPU
		Release|x64 = Release|x64
		Release|x86 = Release|x86
	EndGlobalSection
	GlobalSection(SolutionProperties) = preSolution
		HideSolutionNode = FALSE
	EndGlobalSection
	GlobalSection(ProjectConfigurationPlatforms) = postSolution
		{79D79977-F35E-4C02-8D07-A71C7EE648BA}.Debug|Any CPU.ActiveCfg = Debug|Any CPU
		{79D79977-F35E-4C02-8D07-A71C7EE648BA}.Debug|Any CPU.Build.0 = Debug|Any CPU
		{79D79977-F35E-4C02-8D07-A71C7EE648BA}.Debug|x64.ActiveCfg = Debug|Any CPU
		{79D79977-F35E-4C02-8D07-A71C7EE648BA}.Debug|x64.Build.0 = Debug|Any CPU
		{79D79977-F35E-4C02-8D07-A71C7EE648BA}.Debug|x86.ActiveCfg = Debug|Any CPU
		{79D79977-F35E-4C02-8D07-A71C7EE648BA}.Debug|x86.Build.0 = Debug|Any CPU
		{79D79977-F35E-4C02-8D07-A71C7EE648BA}.Release|Any CPU.ActiveCfg = Release|Any CPU
		{79D79977-F35E-4C02-8D07-A71C7EE648BA}.Release|Any CPU.Build.0 = Release|Any CPU
		{79D79977-F35E-4C02-8D07-A71C7EE648BA}.Release|x64.ActiveCfg = Release|Any CPU
		{79D79977-F35E-4C02-8D07-A71C7EE648BA}.Release|x64.Build.0 = Release|Any CPU
		{79D79977-F35E-4C02-8D07-A71C7EE648BA}.Release|x86.ActiveCfg = Release|Any CPU
		{79D79977-F35E-4C02-8D07-A71C7EE648BA}.Release|x86.Build.0 = Release|Any CPU
		{814A42A8-2831-42F1-97F2-63C745871BC6}.Debug|Any CPU.ActiveCfg = Debug|Any CPU
		{814A42A8-2831-42F1-97F2-63C745871BC6}.Debug|Any CPU.Build.0 = Debug|Any CPU
		{814A42A8-2831-42F1-97F2-63C745871BC6}.Debug|x64.ActiveCfg = Debug|Any CPU
		{814A42A8-2831-42F1-97F2-63C745871BC6}.Debug|x64.Build.0 = Debug|Any CPU
		{814A42A8-2831-42F1-97F2-63C745871BC6}.Debug|x86.ActiveCfg = Debug|Any CPU
		{814A42A8-2831-42F1-97F2-63C745871BC6}.Debug|x86.Build.0 = Debug|Any CPU
		{814A42A8-2831-42F1-97F2-63C745871BC6}.Release|Any CPU.ActiveCfg = Release|Any CPU
		{814A42A8-2831-42F1-97F2-63C745871BC6}.Release|Any CPU.Build.0 = Release|Any CPU
		{814A42A8-2831-42F1-97F2-63C745871BC6}.Release|x64.ActiveCfg = Release|Any CPU
		{814A42A8-2831-42F1-97F2-63C745871BC6}.Release|x64.Build.0 = Release|Any CPU
		{814A42A8-2831-42F1-97F2-63C745871BC6}.Release|x86.ActiveCfg = Release|Any CPU
		{814A42A8-2831-42F1-97F2-63C745871BC6}.Release|x86.Build.0 = Release|Any CPU
	EndGlobalSection
EndGlobal
